
Microsoft Visual Studio Solution File, Format Version 12.00
# Visual Studio Version 17
VisualStudioVersion = 17.7.34221.43
MinimumVisualStudioVersion = 10.0.40219.1
Project("{9A19103F-16F7-4668-BE54-9A1E7A4F7556}") = "DockerLearning", "DockerLearning.csproj", "{D3B0686B-B67F-4F7A-A895-A1B368BF17E2}"
EndProject
Project("{FAE04EC0-301F-11D3-BF4B-00C04F79EFBC}") = "GitHubService", "..\GitHubService\GitHubService.csproj", "{8BDC0B3A-E3A8-4C45-AAAE-EC5BD9584B36}"
EndProject
Global
	GlobalSection(SolutionConfigurationPlatforms) = preSolution
		Debug|Any CPU = Debug|Any CPU
		Release|Any CPU = Release|Any CPU
	EndGlobalSection
	GlobalSection(ProjectConfigurationPlatforms) = postSolution
		{D3B0686B-B67F-4F7A-A895-A1B368BF17E2}.Debug|Any CPU.ActiveCfg = Debug|Any CPU
		{D3B0686B-B67F-4F7A-A895-A1B368BF17E2}.Debug|Any CPU.Build.0 = Debug|Any CPU
		{D3B0686B-B67F-4F7A-A895-A1B368BF17E2}.Release|Any CPU.ActiveCfg = Release|Any CPU
		{D3B0686B-B67F-4F7A-A895-A1B368BF17E2}.Release|Any CPU.Build.0 = Release|Any CPU
		{8BDC0B3A-E3A8-4C45-AAAE-EC5BD9584B36}.Debug|Any CPU.ActiveCfg = Debug|Any CPU
		{8BDC0B3A-E3A8-4C45-AAAE-EC5BD9584B36}.Debug|Any CPU.Build.0 = Debug|Any CPU
		{8BDC0B3A-E3A8-4C45-AAAE-EC5BD9584B36}.Release|Any CPU.ActiveCfg = Release|Any CPU
		{8BDC0B3A-E3A8-4C45-AAAE-EC5BD9584B36}.Release|Any CPU.Build.0 = Release|Any CPU
	EndGlobalSection
	GlobalSection(SolutionProperties) = preSolution
		HideSolutionNode = FALSE
	EndGlobalSection
	GlobalSection(ExtensibilityGlobals) = postSolution
		SolutionGuid = {42A2A123-D020-45D3-8172-32D7C854CAB1}
	EndGlobalSection
EndGlobal
